// !$*UTF8*$!
{
	archiveVersion = 1;
	classes = {
	};
	objectVersion = 50;
	objects = {

/* Begin PBXBuildFile section */
		716FB47F2441B4EC00E3FF98 /* main.cpp in Sources */ = {isa = PBXBuildFile; fileRef = 716FB47E2441B4EC00E3FF98 /* main.cpp */; };
		716FB48C2441BD5800E3FF98 /* main.cpp in Sources */ = {isa = PBXBuildFile; fileRef = 716FB48B2441BD5800E3FF98 /* main.cpp */; };
/* End PBXBuildFile section */

/* Begin PBXCopyFilesBuildPhase section */
		716FB4792441B4EC00E3FF98 /* CopyFiles */ = {
			isa = PBXCopyFilesBuildPhase;
			buildActionMask = 2147483647;
			dstPath = /usr/share/man/man1/;
			dstSubfolderSpec = 0;
			files = (
			);
			runOnlyForDeploymentPostprocessing = 1;
		};
		716FB4872441BD5800E3FF98 /* CopyFiles */ = {
			isa = PBXCopyFilesBuildPhase;
			buildActionMask = 2147483647;
			dstPath = /usr/share/man/man1/;
			dstSubfolderSpec = 0;
			files = (
			);
			runOnlyForDeploymentPostprocessing = 1;
		};
/* End PBXCopyFilesBuildPhase section */

/* Begin PBXFileReference section */
		716FB47B2441B4EC00E3FF98 /* editDistDP */ = {isa = PBXFileReference; explicitFileType = "compiled.mach-o.executable"; includeInIndex = 0; path = editDistDP; sourceTree = BUILT_PRODUCTS_DIR; };
		716FB47E2441B4EC00E3FF98 /* main.cpp */ = {isa = PBXFileReference; lastKnownFileType = sourcecode.cpp.cpp; path = main.cpp; sourceTree = "<group>"; };
		716FB4892441BD5800E3FF98 /* longest common substring length */ = {isa = PBXFileReference; explicitFileType = "compiled.mach-o.executable"; includeInIndex = 0; path = "longest common substring length"; sourceTree = BUILT_PRODUCTS_DIR; };
		716FB48B2441BD5800E3FF98 /* main.cpp */ = {isa = PBXFileReference; lastKnownFileType = sourcecode.cpp.cpp; path = main.cpp; sourceTree = "<group>"; };
/* End PBXFileReference section */

/* Begin PBXFrameworksBuildPhase section */
		716FB4782441B4EC00E3FF98 /* Frameworks */ = {
			isa = PBXFrameworksBuildPhase;
			buildActionMask = 2147483647;
			files = (
			);
			runOnlyForDeploymentPostprocessing = 0;
		};
		716FB4862441BD5800E3FF98 /* Frameworks */ = {
			isa = PBXFrameworksBuildPhase;
			buildActionMask = 2147483647;
			files = (
			);
			runOnlyForDeploymentPostprocessing = 0;
		};
/* End PBXFrameworksBuildPhase section */

/* Begin PBXGroup section */
		716FB4722441B4EC00E3FF98 = {
			isa = PBXGroup;
			children = (
				716FB47D2441B4EC00E3FF98 /* editDistDP */,
				716FB48A2441BD5800E3FF98 /* longest common substring length */,
				716FB47C2441B4EC00E3FF98 /* Products */,
			);
			sourceTree = "<group>";
		};
		716FB47C2441B4EC00E3FF98 /* Products */ = {
			isa = PBXGroup;
			children = (
				716FB47B2441B4EC00E3FF98 /* editDistDP */,
				716FB4892441BD5800E3FF98 /* longest common substring length */,
			);
			name = Products;
			sourceTree = "<group>";
		};
		716FB47D2441B4EC00E3FF98 /* editDistDP */ = {
			isa = PBXGroup;
			children = (
				716FB47E2441B4EC00E3FF98 /* main.cpp */,
			);
			path = editDistDP;
			sourceTree = "<group>";
		};
		716FB48A2441BD5800E3FF98 /* longest common substring length */ = {
			isa = PBXGroup;
			children = (
				716FB48B2441BD5800E3FF98 /* main.cpp */,
			);
			path = "longest common substring length";
			sourceTree = "<group>";
		};
/* End PBXGroup section */

/* Begin PBXNativeTarget section */
		716FB47A2441B4EC00E3FF98 /* editDistDP */ = {
			isa = PBXNativeTarget;
			buildConfigurationList = 716FB4822441B4EC00E3FF98 /* Build configuration list for PBXNativeTarget "editDistDP" */;
			buildPhases = (
				716FB4772441B4EC00E3FF98 /* Sources */,
				716FB4782441B4EC00E3FF98 /* Frameworks */,
				716FB4792441B4EC00E3FF98 /* CopyFiles */,
			);
			buildRules = (
			);
			dependencies = (
			);
			name = editDistDP;
			productName = editDistDP;
			productReference = 716FB47B2441B4EC00E3FF98 /* editDistDP */;
			productType = "com.apple.product-type.tool";
		};
		716FB4882441BD5800E3FF98 /* longest common substring length */ = {
			isa = PBXNativeTarget;
			buildConfigurationList = 716FB48D2441BD5800E3FF98 /* Build configuration list for PBXNativeTarget "longest common substring length" */;
			buildPhases = (
				716FB4852441BD5800E3FF98 /* Sources */,
				716FB4862441BD5800E3FF98 /* Frameworks */,
				716FB4872441BD5800E3FF98 /* CopyFiles */,
			);
			buildRules = (
			);
			dependencies = (
			);
			name = "longest common substring length";
			productName = "longest common substring length";
			productReference = 716FB4892441BD5800E3FF98 /* longest common substring length */;
			productType = "com.apple.product-type.tool";
		};
/* End PBXNativeTarget section */

/* Begin PBXProject section */
		716FB4732441B4EC00E3FF98 /* Project object */ = {
			isa = PBXProject;
			attributes = {
				LastUpgradeCheck = 1130;
				ORGANIZATIONNAME = Horson;
				TargetAttributes = {
					716FB47A2441B4EC00E3FF98 = {
						CreatedOnToolsVersion = 11.3.1;
					};
					716FB4882441BD5800E3FF98 = {
						CreatedOnToolsVersion = 11.3.1;
					};
				};
			};
			buildConfigurationList = 716FB4762441B4EC00E3FF98 /* Build configuration list for PBXProject "editDistDP" */;
			compatibilityVersion = "Xcode 9.3";
			developmentRegion = en;
			hasScannedForEncodings = 0;
			knownRegions = (
				en,
				Base,
			);
			mainGroup = 716FB4722441B4EC00E3FF98;
			productRefGroup = 716FB47C2441B4EC00E3FF98 /* Products */;
			projectDirPath = "";
			projectRoot = "";
			targets = (
				716FB47A2441B4EC00E3FF98 /* editDistDP */,
				716FB4882441BD5800E3FF98 /* longest common substring length */,
			);
		};
/* End PBXProject section */

/* Begin PBXSourcesBuildPhase section */
		716FB4772441B4EC00E3FF98 /* Sources */ = {
			isa = PBXSourcesBuildPhase;
			buildActionMask = 2147483647;
			files = (
				716FB47F2441B4EC00E3FF98 /* main.cpp in Sources */,
			);
			runOnlyForDeploymentPostprocessing = 0;
		};
		716FB4852441BD5800E3FF98 /* Sources */ = {
			isa = PBXSourcesBuildPhase;
			buildActionMask = 2147483647;
			files = (
				716FB48C2441BD5800E3FF98 /* main.cpp in Sources */,
			);
			runOnlyForDeploymentPostprocessing = 0;
		};
/* End PBXSourcesBuildPhase section */

/* Begin XCBuildConfiguration section */
		716FB4802441B4EC00E3FF98 /* Debug */ = {
			isa = XCBuildConfiguration;
			buildSettings = {
				ALWAYS_SEARCH_USER_PATHS = NO;
				CLANG_ANALYZER_NONNULL = YES;
				CLANG_ANALYZER_NUMBER_OBJECT_CONVERSION = YES_AGGRESSIVE;
				CLANG_CXX_LANGUAGE_STANDARD = "gnu++14";
				CLANG_CXX_LIBRARY = "libc++";
				CLANG_ENABLE_MODULES = YES;
				CLANG_ENABLE_OBJC_ARC = YES;
				CLANG_ENABLE_OBJC_WEAK = YES;
				CLANG_WARN_BLOCK_CAPTURE_AUTORELEASING = YES;
				CLANG_WARN_BOOL_CONVERSION = YES;
				CLANG_WARN_COMMA = YES;
				CLANG_WARN_CONSTANT_CONVERSION = YES;
				CLANG_WARN_DEPRECATED_OBJC_IMPLEMENTATIONS = YES;
				CLANG_WARN_DIRECT_OBJC_ISA_USAGE = YES_ERROR;
				CLANG_WARN_DOCUMENTATION_COMMENTS = YES;
				CLANG_WARN_EMPTY_BODY = YES;
				CLANG_WARN_ENUM_CONVERSION = YES;
				CLANG_WARN_INFINITE_RECURSION = YES;
				CLANG_WARN_INT_CONVERSION = YES;
				CLANG_WARN_NON_LITERAL_NULL_CONVERSION = YES;
				CLANG_WARN_OBJC_IMPLICIT_RETAIN_SELF = YES;
				CLANG_WARN_OBJC_LITERAL_CONVERSION = YES;
				CLANG_WARN_OBJC_ROOT_CLASS = YES_ERROR;
				CLANG_WARN_RANGE_LOOP_ANALYSIS = YES;
				CLANG_WARN_STRICT_PROTOTYPES = YES;
				CLANG_WARN_SUSPICIOUS_MOVE = YES;
				CLANG_WARN_UNGUARDED_AVAILABILITY = YES_AGGRESSIVE;
				CLANG_WARN_UNREACHABLE_CODE = YES;
				CLANG_WARN__DUPLICATE_METHOD_MATCH = YES;
				COPY_PHASE_STRIP = NO;
				DEBUG_INFORMATION_FORMAT = dwarf;
				ENABLE_STRICT_OBJC_MSGSEND = YES;
				ENABLE_TESTABILITY = YES;
				GCC_C_LANGUAGE_STANDARD = gnu11;
				GCC_DYNAMIC_NO_PIC = NO;
				GCC_NO_COMMON_BLOCKS = YES;
				GCC_OPTIMIZATION_LEVEL = 0;
				GCC_PREPROCESSOR_DEFINITIONS = (
					"DEBUG=1",
					"$(inherited)",
				);
				GCC_WARN_64_TO_32_BIT_CONVERSION = YES;
				GCC_WARN_ABOUT_RETURN_TYPE = YES_ERROR;
				GCC_WARN_UNDECLARED_SELECTOR = YES;
				GCC_WARN_UNINITIALIZED_AUTOS = YES_AGGRESSIVE;
				GCC_WARN_UNUSED_FUNCTION = YES;
				GCC_WARN_UNUSED_VARIABLE = YES;
				MACOSX_DEPLOYMENT_TARGET = 10.15;
				MTL_ENABLE_DEBUG_INFO = INCLUDE_SOURCE;
				MTL_FAST_MATH = YES;
				ONLY_ACTIVE_ARCH = YES;
				SDKROOT = macosx;
			};
			name = Debug;
		};
		716FB4812441B4EC00E3FF98 /* Release */ = {
			isa = XCBuildConfiguration;
			buildSettings = {
				ALWAYS_SEARCH_USER_PATHS = NO;
				CLANG_ANALYZER_NONNULL = YES;
				CLANG_ANALYZER_NUMBER_OBJECT_CONVERSION = YES_AGGRESSIVE;
				CLANG_CXX_LANGUAGE_STANDARD = "gnu++14";
				CLANG_CXX_LIBRARY = "libc++";
				CLANG_ENABLE_MODULES = YES;
				CLANG_ENABLE_OBJC_ARC = YES;
				CLANG_ENABLE_OBJC_WEAK = YES;
				CLANG_WARN_BLOCK_CAPTURE_AUTORELEASING = YES;
				CLANG_WARN_BOOL_CONVERSION = YES;
				CLANG_WARN_COMMA = YES;
				CLANG_WARN_CONSTANT_CONVERSION = YES;
				CLANG_WARN_DEPRECATED_OBJC_IMPLEMENTATIONS = YES;
				CLANG_WARN_DIRECT_OBJC_ISA_USAGE = YES_ERROR;
				CLANG_WARN_DOCUMENTATION_COMMENTS = YES;
				CLANG_WARN_EMPTY_BODY = YES;
				CLANG_WARN_ENUM_CONVERSION = YES;
				CLANG_WARN_INFINITE_RECURSION = YES;
				CLANG_WARN_INT_CONVERSION = YES;
				CLANG_WARN_NON_LITERAL_NULL_CONVERSION = YES;
				CLANG_WARN_OBJC_IMPLICIT_RETAIN_SELF = YES;
				CLANG_WARN_OBJC_LITERAL_CONVERSION = YES;
				CLANG_WARN_OBJC_ROOT_CLASS = YES_ERROR;
				CLANG_WARN_RANGE_LOOP_ANALYSIS = YES;
				CLANG_WARN_STRICT_PROTOTYPES = YES;
				CLANG_WARN_SUSPICIOUS_MOVE = YES;
				CLANG_WARN_UNGUARDED_AVAILABILITY = YES_AGGRESSIVE;
				CLANG_WARN_UNREACHABLE_CODE = YES;
				CLANG_WARN__DUPLICATE_METHOD_MATCH = YES;
				COPY_PHASE_STRIP = NO;
				DEBUG_INFORMATION_FORMAT = "dwarf-with-dsym";
				ENABLE_NS_ASSERTIONS = NO;
				ENABLE_STRICT_OBJC_MSGSEND = YES;
				GCC_C_LANGUAGE_STANDARD = gnu11;
				GCC_NO_COMMON_BLOCKS = YES;
				GCC_WARN_64_TO_32_BIT_CONVERSION = YES;
				GCC_WARN_ABOUT_RETURN_TYPE = YES_ERROR;
				GCC_WARN_UNDECLARED_SELECTOR = YES;
				GCC_WARN_UNINITIALIZED_AUTOS = YES_AGGRESSIVE;
				GCC_WARN_UNUSED_FUNCTION = YES;
				GCC_WARN_UNUSED_VARIABLE = YES;
				MACOSX_DEPLOYMENT_TARGET = 10.15;
				MTL_ENABLE_DEBUG_INFO = NO;
				MTL_FAST_MATH = YES;
				SDKROOT = macosx;
			};
			name = Release;
		};
		716FB4832441B4EC00E3FF98 /* Debug */ = {
			isa = XCBuildConfiguration;
			buildSettings = {
				CODE_SIGN_STYLE = Automatic;
				PRODUCT_NAME = "$(TARGET_NAME)";
			};
			name = Debug;
		};
		716FB4842441B4EC00E3FF98 /* Release */ = {
			isa = XCBuildConfiguration;
			buildSettings = {
				CODE_SIGN_STYLE = Automatic;
				PRODUCT_NAME = "$(TARGET_NAME)";
			};
			name = Release;
		};
		716FB48E2441BD5800E3FF98 /* Debug */ = {
			isa = XCBuildConfiguration;
			buildSettings = {
				CODE_SIGN_STYLE = Automatic;
				PRODUCT_NAME = "$(TARGET_NAME)";
			};
			name = Debug;
		};
		716FB48F2441BD5800E3FF98 /* Release */ = {
			isa = XCBuildConfiguration;
			buildSettings = {
				CODE_SIGN_STYLE = Automatic;
				PRODUCT_NAME = "$(TARGET_NAME)";
			};
			name = Release;
		};
/* End XCBuildConfiguration section */

/* Begin XCConfigurationList section */
		716FB4762441B4EC00E3FF98 /* Build configuration list for PBXProject "editDistDP" */ = {
			isa = XCConfigurationList;
			buildConfigurations = (
				716FB4802441B4EC00E3FF98 /* Debug */,
				716FB4812441B4EC00E3FF98 /* Release */,
			);
			defaultConfigurationIsVisible = 0;
			defaultConfigurationName = Release;
		};
		716FB4822441B4EC00E3FF98 /* Build configuration list for PBXNativeTarget "editDistDP" */ = {
			isa = XCConfigurationList;
			buildConfigurations = (
				716FB4832441B4EC00E3FF98 /* Debug */,
				716FB4842441B4EC00E3FF98 /* Release */,
			);
			defaultConfigurationIsVisible = 0;
			defaultConfigurationName = Release;
		};
		716FB48D2441BD5800E3FF98 /* Build configuration list for PBXNativeTarget "longest common substring length" */ = {
			isa = XCConfigurationList;
			buildConfigurations = (
				716FB48E2441BD5800E3FF98 /* Debug */,
				716FB48F2441BD5800E3FF98 /* Release */,
			);
			defaultConfigurationIsVisible = 0;
			defaultConfigurationName = Release;
		};
/* End XCConfigurationList section */
	};
	rootObject = 716FB4732441B4EC00E3FF98 /* Project object */;
}
