// !$*UTF8*$!
{
	archiveVersion = 1;
	classes = {
	};
	objectVersion = 50;
	objects = {

/* Begin PBXBuildFile section */
		710DE831243CEA72009CCE0D /* main.cpp in Sources */ = {isa = PBXBuildFile; fileRef = 710DE830243CEA72009CCE0D /* main.cpp */; };
		710DE83E243CEAB6009CCE0D /* main.cpp in Sources */ = {isa = PBXBuildFile; fileRef = 710DE83D243CEAB6009CCE0D /* main.cpp */; };
		710DE849243CEAE5009CCE0D /* main.cpp in Sources */ = {isa = PBXBuildFile; fileRef = 710DE848243CEAE5009CCE0D /* main.cpp */; };
/* End PBXBuildFile section */

/* Begin PBXCopyFilesBuildPhase section */
		710DE82B243CEA72009CCE0D /* CopyFiles */ = {
			isa = PBXCopyFilesBuildPhase;
			buildActionMask = 2147483647;
			dstPath = /usr/share/man/man1/;
			dstSubfolderSpec = 0;
			files = (
			);
			runOnlyForDeploymentPostprocessing = 1;
		};
		710DE839243CEAB6009CCE0D /* CopyFiles */ = {
			isa = PBXCopyFilesBuildPhase;
			buildActionMask = 2147483647;
			dstPath = /usr/share/man/man1/;
			dstSubfolderSpec = 0;
			files = (
			);
			runOnlyForDeploymentPostprocessing = 1;
		};
		710DE844243CEAE5009CCE0D /* CopyFiles */ = {
			isa = PBXCopyFilesBuildPhase;
			buildActionMask = 2147483647;
			dstPath = /usr/share/man/man1/;
			dstSubfolderSpec = 0;
			files = (
			);
			runOnlyForDeploymentPostprocessing = 1;
		};
/* End PBXCopyFilesBuildPhase section */

/* Begin PBXFileReference section */
		710DE82D243CEA72009CCE0D /* dp2 */ = {isa = PBXFileReference; explicitFileType = "compiled.mach-o.executable"; includeInIndex = 0; path = dp2; sourceTree = BUILT_PRODUCTS_DIR; };
		710DE830243CEA72009CCE0D /* main.cpp */ = {isa = PBXFileReference; lastKnownFileType = sourcecode.cpp.cpp; path = main.cpp; sourceTree = "<group>"; };
		710DE83B243CEAB6009CCE0D /* backtracking */ = {isa = PBXFileReference; explicitFileType = "compiled.mach-o.executable"; includeInIndex = 0; path = backtracking; sourceTree = BUILT_PRODUCTS_DIR; };
		710DE83D243CEAB6009CCE0D /* main.cpp */ = {isa = PBXFileReference; lastKnownFileType = sourcecode.cpp.cpp; path = main.cpp; sourceTree = "<group>"; };
		710DE846243CEAE5009CCE0D /* recursion */ = {isa = PBXFileReference; explicitFileType = "compiled.mach-o.executable"; includeInIndex = 0; path = recursion; sourceTree = BUILT_PRODUCTS_DIR; };
		710DE848243CEAE5009CCE0D /* main.cpp */ = {isa = PBXFileReference; lastKnownFileType = sourcecode.cpp.cpp; path = main.cpp; sourceTree = "<group>"; };
/* End PBXFileReference section */

/* Begin PBXFrameworksBuildPhase section */
		710DE82A243CEA72009CCE0D /* Frameworks */ = {
			isa = PBXFrameworksBuildPhase;
			buildActionMask = 2147483647;
			files = (
			);
			runOnlyForDeploymentPostprocessing = 0;
		};
		710DE838243CEAB6009CCE0D /* Frameworks */ = {
			isa = PBXFrameworksBuildPhase;
			buildActionMask = 2147483647;
			files = (
			);
			runOnlyForDeploymentPostprocessing = 0;
		};
		710DE843243CEAE5009CCE0D /* Frameworks */ = {
			isa = PBXFrameworksBuildPhase;
			buildActionMask = 2147483647;
			files = (
			);
			runOnlyForDeploymentPostprocessing = 0;
		};
/* End PBXFrameworksBuildPhase section */

/* Begin PBXGroup section */
		710DE824243CEA72009CCE0D = {
			isa = PBXGroup;
			children = (
				710DE82F243CEA72009CCE0D /* dp2 */,
				710DE83C243CEAB6009CCE0D /* backtracking */,
				710DE847243CEAE5009CCE0D /* recursion */,
				710DE82E243CEA72009CCE0D /* Products */,
			);
			sourceTree = "<group>";
		};
		710DE82E243CEA72009CCE0D /* Products */ = {
			isa = PBXGroup;
			children = (
				710DE82D243CEA72009CCE0D /* dp2 */,
				710DE83B243CEAB6009CCE0D /* backtracking */,
				710DE846243CEAE5009CCE0D /* recursion */,
			);
			name = Products;
			sourceTree = "<group>";
		};
		710DE82F243CEA72009CCE0D /* dp2 */ = {
			isa = PBXGroup;
			children = (
				710DE830243CEA72009CCE0D /* main.cpp */,
			);
			path = dp2;
			sourceTree = "<group>";
		};
		710DE83C243CEAB6009CCE0D /* backtracking */ = {
			isa = PBXGroup;
			children = (
				710DE83D243CEAB6009CCE0D /* main.cpp */,
			);
			path = backtracking;
			sourceTree = "<group>";
		};
		710DE847243CEAE5009CCE0D /* recursion */ = {
			isa = PBXGroup;
			children = (
				710DE848243CEAE5009CCE0D /* main.cpp */,
			);
			path = recursion;
			sourceTree = "<group>";
		};
/* End PBXGroup section */

/* Begin PBXNativeTarget section */
		710DE82C243CEA72009CCE0D /* dp2 */ = {
			isa = PBXNativeTarget;
			buildConfigurationList = 710DE834243CEA72009CCE0D /* Build configuration list for PBXNativeTarget "dp2" */;
			buildPhases = (
				710DE829243CEA72009CCE0D /* Sources */,
				710DE82A243CEA72009CCE0D /* Frameworks */,
				710DE82B243CEA72009CCE0D /* CopyFiles */,
			);
			buildRules = (
			);
			dependencies = (
			);
			name = dp2;
			productName = dp2;
			productReference = 710DE82D243CEA72009CCE0D /* dp2 */;
			productType = "com.apple.product-type.tool";
		};
		710DE83A243CEAB6009CCE0D /* backtracking */ = {
			isa = PBXNativeTarget;
			buildConfigurationList = 710DE83F243CEAB6009CCE0D /* Build configuration list for PBXNativeTarget "backtracking" */;
			buildPhases = (
				710DE837243CEAB6009CCE0D /* Sources */,
				710DE838243CEAB6009CCE0D /* Frameworks */,
				710DE839243CEAB6009CCE0D /* CopyFiles */,
			);
			buildRules = (
			);
			dependencies = (
			);
			name = backtracking;
			productName = backtracking;
			productReference = 710DE83B243CEAB6009CCE0D /* backtracking */;
			productType = "com.apple.product-type.tool";
		};
		710DE845243CEAE5009CCE0D /* recursion */ = {
			isa = PBXNativeTarget;
			buildConfigurationList = 710DE84A243CEAE5009CCE0D /* Build configuration list for PBXNativeTarget "recursion" */;
			buildPhases = (
				710DE842243CEAE5009CCE0D /* Sources */,
				710DE843243CEAE5009CCE0D /* Frameworks */,
				710DE844243CEAE5009CCE0D /* CopyFiles */,
			);
			buildRules = (
			);
			dependencies = (
			);
			name = recursion;
			productName = recursion;
			productReference = 710DE846243CEAE5009CCE0D /* recursion */;
			productType = "com.apple.product-type.tool";
		};
/* End PBXNativeTarget section */

/* Begin PBXProject section */
		710DE825243CEA72009CCE0D /* Project object */ = {
			isa = PBXProject;
			attributes = {
				LastUpgradeCheck = 1130;
				ORGANIZATIONNAME = Horson;
				TargetAttributes = {
					710DE82C243CEA72009CCE0D = {
						CreatedOnToolsVersion = 11.3.1;
					};
					710DE83A243CEAB6009CCE0D = {
						CreatedOnToolsVersion = 11.3.1;
					};
					710DE845243CEAE5009CCE0D = {
						CreatedOnToolsVersion = 11.3.1;
					};
				};
			};
			buildConfigurationList = 710DE828243CEA72009CCE0D /* Build configuration list for PBXProject "dp2" */;
			compatibilityVersion = "Xcode 9.3";
			developmentRegion = en;
			hasScannedForEncodings = 0;
			knownRegions = (
				en,
				Base,
			);
			mainGroup = 710DE824243CEA72009CCE0D;
			productRefGroup = 710DE82E243CEA72009CCE0D /* Products */;
			projectDirPath = "";
			projectRoot = "";
			targets = (
				710DE82C243CEA72009CCE0D /* dp2 */,
				710DE83A243CEAB6009CCE0D /* backtracking */,
				710DE845243CEAE5009CCE0D /* recursion */,
			);
		};
/* End PBXProject section */

/* Begin PBXSourcesBuildPhase section */
		710DE829243CEA72009CCE0D /* Sources */ = {
			isa = PBXSourcesBuildPhase;
			buildActionMask = 2147483647;
			files = (
				710DE831243CEA72009CCE0D /* main.cpp in Sources */,
			);
			runOnlyForDeploymentPostprocessing = 0;
		};
		710DE837243CEAB6009CCE0D /* Sources */ = {
			isa = PBXSourcesBuildPhase;
			buildActionMask = 2147483647;
			files = (
				710DE83E243CEAB6009CCE0D /* main.cpp in Sources */,
			);
			runOnlyForDeploymentPostprocessing = 0;
		};
		710DE842243CEAE5009CCE0D /* Sources */ = {
			isa = PBXSourcesBuildPhase;
			buildActionMask = 2147483647;
			files = (
				710DE849243CEAE5009CCE0D /* main.cpp in Sources */,
			);
			runOnlyForDeploymentPostprocessing = 0;
		};
/* End PBXSourcesBuildPhase section */

/* Begin XCBuildConfiguration section */
		710DE832243CEA72009CCE0D /* Debug */ = {
			isa = XCBuildConfiguration;
			buildSettings = {
				ALWAYS_SEARCH_USER_PATHS = NO;
				CLANG_ANALYZER_NONNULL = YES;
				CLANG_ANALYZER_NUMBER_OBJECT_CONVERSION = YES_AGGRESSIVE;
				CLANG_CXX_LANGUAGE_STANDARD = "gnu++14";
				CLANG_CXX_LIBRARY = "libc++";
				CLANG_ENABLE_MODULES = YES;
				CLANG_ENABLE_OBJC_ARC = YES;
				CLANG_ENABLE_OBJC_WEAK = YES;
				CLANG_WARN_BLOCK_CAPTURE_AUTORELEASING = YES;
				CLANG_WARN_BOOL_CONVERSION = YES;
				CLANG_WARN_COMMA = YES;
				CLANG_WARN_CONSTANT_CONVERSION = YES;
				CLANG_WARN_DEPRECATED_OBJC_IMPLEMENTATIONS = YES;
				CLANG_WARN_DIRECT_OBJC_ISA_USAGE = YES_ERROR;
				CLANG_WARN_DOCUMENTATION_COMMENTS = YES;
				CLANG_WARN_EMPTY_BODY = YES;
				CLANG_WARN_ENUM_CONVERSION = YES;
				CLANG_WARN_INFINITE_RECURSION = YES;
				CLANG_WARN_INT_CONVERSION = YES;
				CLANG_WARN_NON_LITERAL_NULL_CONVERSION = YES;
				CLANG_WARN_OBJC_IMPLICIT_RETAIN_SELF = YES;
				CLANG_WARN_OBJC_LITERAL_CONVERSION = YES;
				CLANG_WARN_OBJC_ROOT_CLASS = YES_ERROR;
				CLANG_WARN_RANGE_LOOP_ANALYSIS = YES;
				CLANG_WARN_STRICT_PROTOTYPES = YES;
				CLANG_WARN_SUSPICIOUS_MOVE = YES;
				CLANG_WARN_UNGUARDED_AVAILABILITY = YES_AGGRESSIVE;
				CLANG_WARN_UNREACHABLE_CODE = YES;
				CLANG_WARN__DUPLICATE_METHOD_MATCH = YES;
				COPY_PHASE_STRIP = NO;
				DEBUG_INFORMATION_FORMAT = dwarf;
				ENABLE_STRICT_OBJC_MSGSEND = YES;
				ENABLE_TESTABILITY = YES;
				GCC_C_LANGUAGE_STANDARD = gnu11;
				GCC_DYNAMIC_NO_PIC = NO;
				GCC_NO_COMMON_BLOCKS = YES;
				GCC_OPTIMIZATION_LEVEL = 0;
				GCC_PREPROCESSOR_DEFINITIONS = (
					"DEBUG=1",
					"$(inherited)",
				);
				GCC_WARN_64_TO_32_BIT_CONVERSION = YES;
				GCC_WARN_ABOUT_RETURN_TYPE = YES_ERROR;
				GCC_WARN_UNDECLARED_SELECTOR = YES;
				GCC_WARN_UNINITIALIZED_AUTOS = YES_AGGRESSIVE;
				GCC_WARN_UNUSED_FUNCTION = YES;
				GCC_WARN_UNUSED_VARIABLE = YES;
				MACOSX_DEPLOYMENT_TARGET = 10.15;
				MTL_ENABLE_DEBUG_INFO = INCLUDE_SOURCE;
				MTL_FAST_MATH = YES;
				ONLY_ACTIVE_ARCH = YES;
				SDKROOT = macosx;
			};
			name = Debug;
		};
		710DE833243CEA72009CCE0D /* Release */ = {
			isa = XCBuildConfiguration;
			buildSettings = {
				ALWAYS_SEARCH_USER_PATHS = NO;
				CLANG_ANALYZER_NONNULL = YES;
				CLANG_ANALYZER_NUMBER_OBJECT_CONVERSION = YES_AGGRESSIVE;
				CLANG_CXX_LANGUAGE_STANDARD = "gnu++14";
				CLANG_CXX_LIBRARY = "libc++";
				CLANG_ENABLE_MODULES = YES;
				CLANG_ENABLE_OBJC_ARC = YES;
				CLANG_ENABLE_OBJC_WEAK = YES;
				CLANG_WARN_BLOCK_CAPTURE_AUTORELEASING = YES;
				CLANG_WARN_BOOL_CONVERSION = YES;
				CLANG_WARN_COMMA = YES;
				CLANG_WARN_CONSTANT_CONVERSION = YES;
				CLANG_WARN_DEPRECATED_OBJC_IMPLEMENTATIONS = YES;
				CLANG_WARN_DIRECT_OBJC_ISA_USAGE = YES_ERROR;
				CLANG_WARN_DOCUMENTATION_COMMENTS = YES;
				CLANG_WARN_EMPTY_BODY = YES;
				CLANG_WARN_ENUM_CONVERSION = YES;
				CLANG_WARN_INFINITE_RECURSION = YES;
				CLANG_WARN_INT_CONVERSION = YES;
				CLANG_WARN_NON_LITERAL_NULL_CONVERSION = YES;
				CLANG_WARN_OBJC_IMPLICIT_RETAIN_SELF = YES;
				CLANG_WARN_OBJC_LITERAL_CONVERSION = YES;
				CLANG_WARN_OBJC_ROOT_CLASS = YES_ERROR;
				CLANG_WARN_RANGE_LOOP_ANALYSIS = YES;
				CLANG_WARN_STRICT_PROTOTYPES = YES;
				CLANG_WARN_SUSPICIOUS_MOVE = YES;
				CLANG_WARN_UNGUARDED_AVAILABILITY = YES_AGGRESSIVE;
				CLANG_WARN_UNREACHABLE_CODE = YES;
				CLANG_WARN__DUPLICATE_METHOD_MATCH = YES;
				COPY_PHASE_STRIP = NO;
				DEBUG_INFORMATION_FORMAT = "dwarf-with-dsym";
				ENABLE_NS_ASSERTIONS = NO;
				ENABLE_STRICT_OBJC_MSGSEND = YES;
				GCC_C_LANGUAGE_STANDARD = gnu11;
				GCC_NO_COMMON_BLOCKS = YES;
				GCC_WARN_64_TO_32_BIT_CONVERSION = YES;
				GCC_WARN_ABOUT_RETURN_TYPE = YES_ERROR;
				GCC_WARN_UNDECLARED_SELECTOR = YES;
				GCC_WARN_UNINITIALIZED_AUTOS = YES_AGGRESSIVE;
				GCC_WARN_UNUSED_FUNCTION = YES;
				GCC_WARN_UNUSED_VARIABLE = YES;
				MACOSX_DEPLOYMENT_TARGET = 10.15;
				MTL_ENABLE_DEBUG_INFO = NO;
				MTL_FAST_MATH = YES;
				SDKROOT = macosx;
			};
			name = Release;
		};
		710DE835243CEA72009CCE0D /* Debug */ = {
			isa = XCBuildConfiguration;
			buildSettings = {
				CODE_SIGN_STYLE = Automatic;
				PRODUCT_NAME = "$(TARGET_NAME)";
			};
			name = Debug;
		};
		710DE836243CEA72009CCE0D /* Release */ = {
			isa = XCBuildConfiguration;
			buildSettings = {
				CODE_SIGN_STYLE = Automatic;
				PRODUCT_NAME = "$(TARGET_NAME)";
			};
			name = Release;
		};
		710DE840243CEAB6009CCE0D /* Debug */ = {
			isa = XCBuildConfiguration;
			buildSettings = {
				CODE_SIGN_STYLE = Automatic;
				PRODUCT_NAME = "$(TARGET_NAME)";
			};
			name = Debug;
		};
		710DE841243CEAB6009CCE0D /* Release */ = {
			isa = XCBuildConfiguration;
			buildSettings = {
				CODE_SIGN_STYLE = Automatic;
				PRODUCT_NAME = "$(TARGET_NAME)";
			};
			name = Release;
		};
		710DE84B243CEAE5009CCE0D /* Debug */ = {
			isa = XCBuildConfiguration;
			buildSettings = {
				CODE_SIGN_STYLE = Automatic;
				PRODUCT_NAME = "$(TARGET_NAME)";
			};
			name = Debug;
		};
		710DE84C243CEAE5009CCE0D /* Release */ = {
			isa = XCBuildConfiguration;
			buildSettings = {
				CODE_SIGN_STYLE = Automatic;
				PRODUCT_NAME = "$(TARGET_NAME)";
			};
			name = Release;
		};
/* End XCBuildConfiguration section */

/* Begin XCConfigurationList section */
		710DE828243CEA72009CCE0D /* Build configuration list for PBXProject "dp2" */ = {
			isa = XCConfigurationList;
			buildConfigurations = (
				710DE832243CEA72009CCE0D /* Debug */,
				710DE833243CEA72009CCE0D /* Release */,
			);
			defaultConfigurationIsVisible = 0;
			defaultConfigurationName = Release;
		};
		710DE834243CEA72009CCE0D /* Build configuration list for PBXNativeTarget "dp2" */ = {
			isa = XCConfigurationList;
			buildConfigurations = (
				710DE835243CEA72009CCE0D /* Debug */,
				710DE836243CEA72009CCE0D /* Release */,
			);
			defaultConfigurationIsVisible = 0;
			defaultConfigurationName = Release;
		};
		710DE83F243CEAB6009CCE0D /* Build configuration list for PBXNativeTarget "backtracking" */ = {
			isa = XCConfigurationList;
			buildConfigurations = (
				710DE840243CEAB6009CCE0D /* Debug */,
				710DE841243CEAB6009CCE0D /* Release */,
			);
			defaultConfigurationIsVisible = 0;
			defaultConfigurationName = Release;
		};
		710DE84A243CEAE5009CCE0D /* Build configuration list for PBXNativeTarget "recursion" */ = {
			isa = XCConfigurationList;
			buildConfigurations = (
				710DE84B243CEAE5009CCE0D /* Debug */,
				710DE84C243CEAE5009CCE0D /* Release */,
			);
			defaultConfigurationIsVisible = 0;
			defaultConfigurationName = Release;
		};
/* End XCConfigurationList section */
	};
	rootObject = 710DE825243CEA72009CCE0D /* Project object */;
}
